
Microsoft Visual Studio Solution File, Format Version 12.00
# Visual Studio Version 17
VisualStudioVersion = 17.14.36401.2 d17.14
MinimumVisualStudioVersion = 10.0.40219.1
Project("{FAE04EC0-301F-11D3-BF4B-00C04F79EFBC}") = "Portfolio.Web", "Portfolio.Web\Portfolio.Web.csproj", "{50AC323D-3D18-4627-85DB-23B325DCB95C}"
EndProject
Global
	GlobalSection(SolutionConfigurationPlatforms) = preSolution
		Debug|Any CPU = Debug|Any CPU
		Release|Any CPU = Release|Any CPU
	EndGlobalSection
	GlobalSection(ProjectConfigurationPlatforms) = postSolution
		{50AC323D-3D18-4627-85DB-23B325DCB95C}.Debug|Any CPU.ActiveCfg = Debug|Any CPU
		{50AC323D-3D18-4627-85DB-23B325DCB95C}.Debug|Any CPU.Build.0 = Debug|Any CPU
		{50AC323D-3D18-4627-85DB-23B325DCB95C}.Release|Any CPU.ActiveCfg = Release|Any CPU
		{50AC323D-3D18-4627-85DB-23B325DCB95C}.Release|Any CPU.Build.0 = Release|Any CPU
	EndGlobalSection
	GlobalSection(SolutionProperties) = preSolution
		HideSolutionNode = FALSE
	EndGlobalSection
	GlobalSection(ExtensibilityGlobals) = postSolution
		SolutionGuid = {0854D899-F96D-4025-A1B8-A658D8F63B16}
	EndGlobalSection
EndGlobal
